PODS:
  - FBSnapshotTestCase (2.1.4):
    - FBSnapshotTestCase/SwiftSupport (= 2.1.4)
  - FBSnapshotTestCase/Core (2.1.4)
  - FBSnapshotTestCase/SwiftSupport (2.1.4):
    - FBSnapshotTestCase/Core
  - LHPerformanceTest (0.1.0)

DEPENDENCIES:
  - FBSnapshotTestCase
  - LHPerformanceTest (from `../`)

SPEC REPOS:
  trunk:
    - FBSnapshotTestCase

EXTERNAL SOURCES:
  LHPerformanceTest:
    :path: "../"

SPEC CHECKSUMS:
  FBSnapshotTestCase: 094f9f314decbabe373b87cc339bea235a63e07a
  LHPerformanceTest: 5d7efbc0f83d1acb153900675fa24f9c952689a3

PODFILE CHECKSUM: 1bb0cd57d4cf4287262bbd8d2352f9da918701d8

COCOAPODS: 1.10.1
