PODS:
  - Aspects (1.4.1)
  - FBSnapshotTestCase (2.1.4):
    - FBSnapshotTestCase/SwiftSupport (= 2.1.4)
  - FBSnapshotTestCase/Core (2.1.4)
  - FBSnapshotTestCase/SwiftSupport (2.1.4):
    - FBSnapshotTestCase/Core
  - LHPerformanceTest (0.1.0):
    - Aspects
    - Masonry
  - Masonry (1.1.0)

DEPENDENCIES:
  - FBSnapshotTestCase
  - LHPerformanceTest (from `../`)

SPEC REPOS:
  trunk:
    - Aspects
    - FBSnapshotTestCase
    - Masonry

EXTERNAL SOURCES:
  LHPerformanceTest:
    :path: "../"

SPEC CHECKSUMS:
  Aspects: 7595ba96a6727a58ebcbfc954497fc5d2fdde546
  FBSnapshotTestCase: 094f9f314decbabe373b87cc339bea235a63e07a
  LHPerformanceTest: fcfa46421f45f85a6d1718b3b26bd9fc3eb9c03c
  Masonry: 678fab65091a9290e40e2832a55e7ab731aad201

PODFILE CHECKSUM: 1bb0cd57d4cf4287262bbd8d2352f9da918701d8

COCOAPODS: 1.10.1
